
Microsoft Visual Studio Solution File, Format Version 12.00
# Visual Studio Version 16
VisualStudioVersion = 16.0.31911.196
MinimumVisualStudioVersion = 10.0.40219.1
Project("{FAE04EC0-301F-11D3-BF4B-00C04F79EFBC}") = "shop", "shop\shop.csproj", "{CDA7D0AE-A85F-4CEE-B7F7-AD02B45DA5C9}"
EndProject
Global
	GlobalSection(SolutionConfigurationPlatforms) = preSolution
		Debug|Any CPU = Debug|Any CPU
		Release|Any CPU = Release|Any CPU
	EndGlobalSection
	GlobalSection(ProjectConfigurationPlatforms) = postSolution
		{CDA7D0AE-A85F-4CEE-B7F7-AD02B45DA5C9}.Debug|Any CPU.ActiveCfg = Debug|Any CPU
		{CDA7D0AE-A85F-4CEE-B7F7-AD02B45DA5C9}.Debug|Any CPU.Build.0 = Debug|Any CPU
		{CDA7D0AE-A85F-4CEE-B7F7-AD02B45DA5C9}.Release|Any CPU.ActiveCfg = Release|Any CPU
		{CDA7D0AE-A85F-4CEE-B7F7-AD02B45DA5C9}.Release|Any CPU.Build.0 = Release|Any CPU
	EndGlobalSection
	GlobalSection(SolutionProperties) = preSolution
		HideSolutionNode = FALSE
	EndGlobalSection
	GlobalSection(ExtensibilityGlobals) = postSolution
		SolutionGuid = {423CA1F7-92B4-4D16-A0FB-DF71D4772266}
	EndGlobalSection
EndGlobal
